
Microsoft Visual Studio Solution File, Format Version 12.00
# Visual Studio Version 16
VisualStudioVersion = 16.0.33214.272
MinimumVisualStudioVersion = 10.0.40219.1
Project("{FAE04EC0-301F-11D3-BF4B-00C04F79EFBC}") = "CalculadoraProg2", "CalculadoraProg2\CalculadoraProg2.csproj", "{44DB2120-43C7-417F-B199-2ACA8201D351}"
EndProject
Global
	GlobalSection(SolutionConfigurationPlatforms) = preSolution
		Debug|Any CPU = Debug|Any CPU
		Release|Any CPU = Release|Any CPU
	EndGlobalSection
	GlobalSection(ProjectConfigurationPlatforms) = postSolution
		{44DB2120-43C7-417F-B199-2ACA8201D351}.Debug|Any CPU.ActiveCfg = Debug|Any CPU
		{44DB2120-43C7-417F-B199-2ACA8201D351}.Debug|Any CPU.Build.0 = Debug|Any CPU
		{44DB2120-43C7-417F-B199-2ACA8201D351}.Release|Any CPU.ActiveCfg = Release|Any CPU
		{44DB2120-43C7-417F-B199-2ACA8201D351}.Release|Any CPU.Build.0 = Release|Any CPU
	EndGlobalSection
	GlobalSection(SolutionProperties) = preSolution
		HideSolutionNode = FALSE
	EndGlobalSection
	GlobalSection(ExtensibilityGlobals) = postSolution
		SolutionGuid = {1A0B7A54-2E7A-42AA-B7EB-01251921CEE8}
	EndGlobalSection
EndGlobal
